
Microsoft Visual Studio Solution File, Format Version 12.00
# Visual Studio 2013
VisualStudioVersion = 12.0.21005.1
MinimumVisualStudioVersion = 10.0.40219.1
Project("{F184B08F-C81C-45F6-A57F-5ABD9991F28F}") = "ArraysApplEx1", "ArraysApplEx1\ArraysApplEx1.vbproj", "{976CF745-3262-477F-8695-4A8109AB3DBA}"
EndProject
Project("{2150E333-8FDC-42A3-9474-1A3956D46DE8}") = "Solution Items", "Solution Items", "{308EF6D8-AA3E-4C98-A69D-D00F73E8FB85}"
	ProjectSection(SolutionItems) = preProject
		Class1.vb = Class1.vb
	EndProjectSection
EndProject
Global
	GlobalSection(SolutionConfigurationPlatforms) = preSolution
		Debug|Any CPU = Debug|Any CPU
		Release|Any CPU = Release|Any CPU
	EndGlobalSection
	GlobalSection(ProjectConfigurationPlatforms) = postSolution
		{976CF745-3262-477F-8695-4A8109AB3DBA}.Debug|Any CPU.ActiveCfg = Debug|Any CPU
		{976CF745-3262-477F-8695-4A8109AB3DBA}.Debug|Any CPU.Build.0 = Debug|Any CPU
		{976CF745-3262-477F-8695-4A8109AB3DBA}.Release|Any CPU.ActiveCfg = Release|Any CPU
		{976CF745-3262-477F-8695-4A8109AB3DBA}.Release|Any CPU.Build.0 = Release|Any CPU
	EndGlobalSection
	GlobalSection(SolutionProperties) = preSolution
		HideSolutionNode = FALSE
	EndGlobalSection
EndGlobal
